# This file is autogenerated, do not edit; changes may be undone by the next 'dep ensure'.


[[projects]]
  digest = "1:0356f3312c9bd1cbeda81505b7fd437501d8e778ab66998ef69f00d7f9b3a0d7"
  name = "github.com/mattn/go-runewidth"
  packages = ["."]
  pruneopts = "UT"
  revision = "3ee7d812e62a0804a7d0a324e0249ca2db3476d3"
  version = "v0.0.4"

[[projects]]
  branch = "master"
  digest = "1:e4f1b6b3c33388b1f6f3d630280d9b0870c1e2f80379dfd2f89dd06425e9e6b9"
  name = "github.com/nsf/termbox-go"
  packages = ["."]
  pruneopts = "UT"
  revision = "288510b9734e30e7966ec2f22b87c5f8e67345e3"

[[projects]]
  branch = "master"
  digest = "1:59d8417bed34c76b8767308835b267be5e2a5fe5b5b497194ef7c9196ce4b7ab"
  name = "golang.org/x/mobile"
  packages = ["event/key"]
  pruneopts = "UT"
  revision = "32b2708ab17190067486adc3513cae8dc2a7e5a4"

[solve-meta]
  analyzer-name = "dep"
  analyzer-version = 1
  input-imports = [
    "github.com/nsf/termbox-go",
    "golang.org/x/mobile/event/key",
  ]
  solver-name = "gps-cdcl"
  solver-version = 1
